
Microsoft Visual Studio Solution File, Format Version 12.00
# Visual Studio 15
VisualStudioVersion = 15.0.26124.0
MinimumVisualStudioVersion = 15.0.26124.0
Project("{FAE04EC0-301F-11D3-BF4B-00C04F79EFBC}") = "API", "API\API.csproj", "{68E649BC-EA6A-4E64-954A-CD35336BAE3A}"
EndProject
Project("{FAE04EC0-301F-11D3-BF4B-00C04F79EFBC}") = "Application", "Application\Application.csproj", "{AC70A772-62BF-4CFF-88FA-C51360DFBC4F}"
EndProject
Project("{FAE04EC0-301F-11D3-BF4B-00C04F79EFBC}") = "Persistence", "Persistence\Persistence.csproj", "{5CD1FCA3-BF37-42F2-8E28-384EAD62A285}"
EndProject
Project("{FAE04EC0-301F-11D3-BF4B-00C04F79EFBC}") = "Domain", "Domain\Domain.csproj", "{1A326972-3576-48C3-B33B-54F5C9219C7E}"
EndProject
Global
	GlobalSection(SolutionConfigurationPlatforms) = preSolution
		Debug|Any CPU = Debug|Any CPU
		Debug|x64 = Debug|x64
		Debug|x86 = Debug|x86
		Release|Any CPU = Release|Any CPU
		Release|x64 = Release|x64
		Release|x86 = Release|x86
	EndGlobalSection
	GlobalSection(SolutionProperties) = preSolution
		HideSolutionNode = FALSE
	EndGlobalSection
	GlobalSection(ProjectConfigurationPlatforms) = postSolution
		{68E649BC-EA6A-4E64-954A-CD35336BAE3A}.Debug|Any CPU.ActiveCfg = Debug|Any CPU
		{68E649BC-EA6A-4E64-954A-CD35336BAE3A}.Debug|Any CPU.Build.0 = Debug|Any CPU
		{68E649BC-EA6A-4E64-954A-CD35336BAE3A}.Debug|x64.ActiveCfg = Debug|Any CPU
		{68E649BC-EA6A-4E64-954A-CD35336BAE3A}.Debug|x64.Build.0 = Debug|Any CPU
		{68E649BC-EA6A-4E64-954A-CD35336BAE3A}.Debug|x86.ActiveCfg = Debug|Any CPU
		{68E649BC-EA6A-4E64-954A-CD35336BAE3A}.Debug|x86.Build.0 = Debug|Any CPU
		{68E649BC-EA6A-4E64-954A-CD35336BAE3A}.Release|Any CPU.ActiveCfg = Release|Any CPU
		{68E649BC-EA6A-4E64-954A-CD35336BAE3A}.Release|Any CPU.Build.0 = Release|Any CPU
		{68E649BC-EA6A-4E64-954A-CD35336BAE3A}.Release|x64.ActiveCfg = Release|Any CPU
		{68E649BC-EA6A-4E64-954A-CD35336BAE3A}.Release|x64.Build.0 = Release|Any CPU
		{68E649BC-EA6A-4E64-954A-CD35336BAE3A}.Release|x86.ActiveCfg = Release|Any CPU
		{68E649BC-EA6A-4E64-954A-CD35336BAE3A}.Release|x86.Build.0 = Release|Any CPU
		{AC70A772-62BF-4CFF-88FA-C51360DFBC4F}.Debug|Any CPU.ActiveCfg = Debug|Any CPU
		{AC70A772-62BF-4CFF-88FA-C51360DFBC4F}.Debug|Any CPU.Build.0 = Debug|Any CPU
		{AC70A772-62BF-4CFF-88FA-C51360DFBC4F}.Debug|x64.ActiveCfg = Debug|Any CPU
		{AC70A772-62BF-4CFF-88FA-C51360DFBC4F}.Debug|x64.Build.0 = Debug|Any CPU
		{AC70A772-62BF-4CFF-88FA-C51360DFBC4F}.Debug|x86.ActiveCfg = Debug|Any CPU
		{AC70A772-62BF-4CFF-88FA-C51360DFBC4F}.Debug|x86.Build.0 = Debug|Any CPU
		{AC70A772-62BF-4CFF-88FA-C51360DFBC4F}.Release|Any CPU.ActiveCfg = Release|Any CPU
		{AC70A772-62BF-4CFF-88FA-C51360DFBC4F}.Release|Any CPU.Build.0 = Release|Any CPU
		{AC70A772-62BF-4CFF-88FA-C51360DFBC4F}.Release|x64.ActiveCfg = Release|Any CPU
		{AC70A772-62BF-4CFF-88FA-C51360DFBC4F}.Release|x64.Build.0 = Release|Any CPU
		{AC70A772-62BF-4CFF-88FA-C51360DFBC4F}.Release|x86.ActiveCfg = Release|Any CPU
		{AC70A772-62BF-4CFF-88FA-C51360DFBC4F}.Release|x86.Build.0 = Release|Any CPU
		{5CD1FCA3-BF37-42F2-8E28-384EAD62A285}.Debug|Any CPU.ActiveCfg = Debug|Any CPU
		{5CD1FCA3-BF37-42F2-8E28-384EAD62A285}.Debug|Any CPU.Build.0 = Debug|Any CPU
		{5CD1FCA3-BF37-42F2-8E28-384EAD62A285}.Debug|x64.ActiveCfg = Debug|Any CPU
		{5CD1FCA3-BF37-42F2-8E28-384EAD62A285}.Debug|x64.Build.0 = Debug|Any CPU
		{5CD1FCA3-BF37-42F2-8E28-384EAD62A285}.Debug|x86.ActiveCfg = Debug|Any CPU
		{5CD1FCA3-BF37-42F2-8E28-384EAD62A285}.Debug|x86.Build.0 = Debug|Any CPU
		{5CD1FCA3-BF37-42F2-8E28-384EAD62A285}.Release|Any CPU.ActiveCfg = Release|Any CPU
		{5CD1FCA3-BF37-42F2-8E28-384EAD62A285}.Release|Any CPU.Build.0 = Release|Any CPU
		{5CD1FCA3-BF37-42F2-8E28-384EAD62A285}.Release|x64.ActiveCfg = Release|Any CPU
		{5CD1FCA3-BF37-42F2-8E28-384EAD62A285}.Release|x64.Build.0 = Release|Any CPU
		{5CD1FCA3-BF37-42F2-8E28-384EAD62A285}.Release|x86.ActiveCfg = Release|Any CPU
		{5CD1FCA3-BF37-42F2-8E28-384EAD62A285}.Release|x86.Build.0 = Release|Any CPU
		{1A326972-3576-48C3-B33B-54F5C9219C7E}.Debug|Any CPU.ActiveCfg = Debug|Any CPU
		{1A326972-3576-48C3-B33B-54F5C9219C7E}.Debug|Any CPU.Build.0 = Debug|Any CPU
		{1A326972-3576-48C3-B33B-54F5C9219C7E}.Debug|x64.ActiveCfg = Debug|Any CPU
		{1A326972-3576-48C3-B33B-54F5C9219C7E}.Debug|x64.Build.0 = Debug|Any CPU
		{1A326972-3576-48C3-B33B-54F5C9219C7E}.Debug|x86.ActiveCfg = Debug|Any CPU
		{1A326972-3576-48C3-B33B-54F5C9219C7E}.Debug|x86.Build.0 = Debug|Any CPU
		{1A326972-3576-48C3-B33B-54F5C9219C7E}.Release|Any CPU.ActiveCfg = Release|Any CPU
		{1A326972-3576-48C3-B33B-54F5C9219C7E}.Release|Any CPU.Build.0 = Release|Any CPU
		{1A326972-3576-48C3-B33B-54F5C9219C7E}.Release|x64.ActiveCfg = Release|Any CPU
		{1A326972-3576-48C3-B33B-54F5C9219C7E}.Release|x64.Build.0 = Release|Any CPU
		{1A326972-3576-48C3-B33B-54F5C9219C7E}.Release|x86.ActiveCfg = Release|Any CPU
		{1A326972-3576-48C3-B33B-54F5C9219C7E}.Release|x86.Build.0 = Release|Any CPU
	EndGlobalSection
EndGlobal
